// !$*UTF8*$!
{
	archiveVersion = 1;
	classes = {
	};
	objectVersion = 46;
	objects = {

/* Begin PBXBuildFile section */
		940AF7B11D8CD50C0020C334 /* AppDelegate.swift in Sources */ = {isa = PBXBuildFile; fileRef = 940AF7B01D8CD50C0020C334 /* AppDelegate.swift */; };
		940AF7B31D8CD50C0020C334 /* GameScene.sks in Resources */ = {isa = PBXBuildFile; fileRef = 940AF7B21D8CD50C0020C334 /* GameScene.sks */; };
		940AF7B51D8CD50C0020C334 /* GameScene.swift in Sources */ = {isa = PBXBuildFile; fileRef = 940AF7B41D8CD50C0020C334 /* GameScene.swift */; };
		940AF7B71D8CD50C0020C334 /* GameViewController.swift in Sources */ = {isa = PBXBuildFile; fileRef = 940AF7B61D8CD50C0020C334 /* GameViewController.swift */; };
		940AF7BA1D8CD50C0020C334 /* Main.storyboard in Resources */ = {isa = PBXBuildFile; fileRef = 940AF7B81D8CD50C0020C334 /* Main.storyboard */; };
		940AF7BC1D8CD50D0020C334 /* Assets.xcassets in Resources */ = {isa = PBXBuildFile; fileRef = 940AF7BB1D8CD50D0020C334 /* Assets.xcassets */; };
		940AF7BF1D8CD50D0020C334 /* LaunchScreen.storyboard in Resources */ = {isa = PBXBuildFile; fileRef = 940AF7BD1D8CD50D0020C334 /* LaunchScreen.storyboard */; };
/* End PBXBuildFile section */

/* Begin PBXFileReference section */
		940AF7AD1D8CD50C0020C334 /* CandyCrush.app */ = {isa = PBXFileReference; explicitFileType = wrapper.application; includeInIndex = 0; path = CandyCrush.app; sourceTree = BUILT_PRODUCTS_DIR; };
		940AF7B01D8CD50C0020C334 /* AppDelegate.swift */ = {isa = PBXFileReference; lastKnownFileType = sourcecode.swift; path = AppDelegate.swift; sourceTree = "<group>"; };
		940AF7B21D8CD50C0020C334 /* GameScene.sks */ = {isa = PBXFileReference; lastKnownFileType = file.sks; path = GameScene.sks; sourceTree = "<group>"; };
		940AF7B41D8CD50C0020C334 /* GameScene.swift */ = {isa = PBXFileReference; lastKnownFileType = sourcecode.swift; path = GameScene.swift; sourceTree = "<group>"; };
		940AF7B61D8CD50C0020C334 /* GameViewController.swift */ = {isa = PBXFileReference; lastKnownFileType = sourcecode.swift; path = GameViewController.swift; sourceTree = "<group>"; };
		940AF7B91D8CD50C0020C334 /* Base */ = {isa = PBXFileReference; lastKnownFileType = file.storyboard; name = Base; path = Base.lproj/Main.storyboard; sourceTree = "<group>"; };
		940AF7BB1D8CD50D0020C334 /* Assets.xcassets */ = {isa = PBXFileReference; lastKnownFileType = folder.assetcatalog; path = Assets.xcassets; sourceTree = "<group>"; };
		940AF7BE1D8CD50D0020C334 /* Base */ = {isa = PBXFileReference; lastKnownFileType = file.storyboard; name = Base; path = Base.lproj/LaunchScreen.storyboard; sourceTree = "<group>"; };
		940AF7C01D8CD50D0020C334 /* Info.plist */ = {isa = PBXFileReference; lastKnownFileType = text.plist.xml; path = Info.plist; sourceTree = "<group>"; };
/* End PBXFileReference section */

/* Begin PBXFrameworksBuildPhase section */
		940AF7AA1D8CD50C0020C334 /* Frameworks */ = {
			isa = PBXFrameworksBuildPhase;
			buildActionMask = 2147483647;
			files = (
			);
			runOnlyForDeploymentPostprocessing = 0;
		};
/* End PBXFrameworksBuildPhase section */

/* Begin PBXGroup section */
		940AF7A41D8CD50C0020C334 = {
			isa = PBXGroup;
			children = (
				940AF7AF1D8CD50C0020C334 /* CandyCrush */,
				940AF7AE1D8CD50C0020C334 /* Products */,
			);
			sourceTree = "<group>";
		};
		940AF7AE1D8CD50C0020C334 /* Products */ = {
			isa = PBXGroup;
			children = (
				940AF7AD1D8CD50C0020C334 /* CandyCrush.app */,
			);
			name = Products;
			sourceTree = "<group>";
		};
		940AF7AF1D8CD50C0020C334 /* CandyCrush */ = {
			isa = PBXGroup;
			children = (
				940AF7B01D8CD50C0020C334 /* AppDelegate.swift */,
				940AF7B21D8CD50C0020C334 /* GameScene.sks */,
				940AF7B41D8CD50C0020C334 /* GameScene.swift */,
				940AF7B61D8CD50C0020C334 /* GameViewController.swift */,
				940AF7B81D8CD50C0020C334 /* Main.storyboard */,
				940AF7BB1D8CD50D0020C334 /* Assets.xcassets */,
				940AF7BD1D8CD50D0020C334 /* LaunchScreen.storyboard */,
				940AF7C01D8CD50D0020C334 /* Info.plist */,
			);
			path = CandyCrush;
			sourceTree = "<group>";
		};
/* End PBXGroup section */

/* Begin PBXNativeTarget section */
		940AF7AC1D8CD50C0020C334 /* CandyCrush */ = {
			isa = PBXNativeTarget;
			buildConfigurationList = 940AF7C31D8CD50D0020C334 /* Build configuration list for PBXNativeTarget "CandyCrush" */;
			buildPhases = (
				940AF7A91D8CD50C0020C334 /* Sources */,
				940AF7AA1D8CD50C0020C334 /* Frameworks */,
				940AF7AB1D8CD50C0020C334 /* Resources */,
			);
			buildRules = (
			);
			dependencies = (
			);
			name = CandyCrush;
			productName = CandyCrush;
			productReference = 940AF7AD1D8CD50C0020C334 /* CandyCrush.app */;
			productType = "com.apple.product-type.application";
		};
/* End PBXNativeTarget section */

/* Begin PBXProject section */
		940AF7A51D8CD50C0020C334 /* Project object */ = {
			isa = PBXProject;
			attributes = {
				LastSwiftUpdateCheck = 0730;
				LastUpgradeCheck = 0730;
				ORGANIZATIONNAME = InternTeam;
				TargetAttributes = {
					940AF7AC1D8CD50C0020C334 = {
						CreatedOnToolsVersion = 7.3.1;
						DevelopmentTeam = 6NEUAR985J;
					};
				};
			};
			buildConfigurationList = 940AF7A81D8CD50C0020C334 /* Build configuration list for PBXProject "CandyCrush" */;
			compatibilityVersion = "Xcode 3.2";
			developmentRegion = English;
			hasScannedForEncodings = 0;
			knownRegions = (
				en,
				Base,
			);
			mainGroup = 940AF7A41D8CD50C0020C334;
			productRefGroup = 940AF7AE1D8CD50C0020C334 /* Products */;
			projectDirPath = "";
			projectRoot = "";
			targets = (
				940AF7AC1D8CD50C0020C334 /* CandyCrush */,
			);
		};
/* End PBXProject section */

/* Begin PBXResourcesBuildPhase section */
		940AF7AB1D8CD50C0020C334 /* Resources */ = {
			isa = PBXResourcesBuildPhase;
			buildActionMask = 2147483647;
			files = (
				940AF7B31D8CD50C0020C334 /* GameScene.sks in Resources */,
				940AF7BF1D8CD50D0020C334 /* LaunchScreen.storyboard in Resources */,
				940AF7BC1D8CD50D0020C334 /* Assets.xcassets in Resources */,
				940AF7BA1D8CD50C0020C334 /* Main.storyboard in Resources */,
			);
			runOnlyForDeploymentPostprocessing = 0;
		};
/* End PBXResourcesBuildPhase section */

/* Begin PBXSourcesBuildPhase section */
		940AF7A91D8CD50C0020C334 /* Sources */ = {
			isa = PBXSourcesBuildPhase;
			buildActionMask = 2147483647;
			files = (
				940AF7B51D8CD50C0020C334 /* GameScene.swift in Sources */,
				940AF7B71D8CD50C0020C334 /* GameViewController.swift in Sources */,
				940AF7B11D8CD50C0020C334 /* AppDelegate.swift in Sources */,
			);
			runOnlyForDeploymentPostprocessing = 0;
		};
/* End PBXSourcesBuildPhase section */

/* Begin PBXVariantGroup section */
		940AF7B81D8CD50C0020C334 /* Main.storyboard */ = {
			isa = PBXVariantGroup;
			children = (
				940AF7B91D8CD50C0020C334 /* Base */,
			);
			name = Main.storyboard;
			sourceTree = "<group>";
		};
		940AF7BD1D8CD50D0020C334 /* LaunchScreen.storyboard */ = {
			isa = PBXVariantGroup;
			children = (
				940AF7BE1D8CD50D0020C334 /* Base */,
			);
			name = LaunchScreen.storyboard;
			sourceTree = "<group>";
		};
/* End PBXVariantGroup section */

/* Begin XCBuildConfiguration section */
		940AF7C11D8CD50D0020C334 /* Debug */ = {
			isa = XCBuildConfiguration;
			buildSettings = {
				ALWAYS_SEARCH_USER_PATHS = NO;
				CLANG_ANALYZER_NONNULL = YES;
				CLANG_CXX_LANGUAGE_STANDARD = "gnu++0x";
				CLANG_CXX_LIBRARY = "libc++";
				CLANG_ENABLE_MODULES = YES;
				CLANG_ENABLE_OBJC_ARC = YES;
				CLANG_WARN_BOOL_CONVERSION = YES;
				CLANG_WARN_CONSTANT_CONVERSION = YES;
				CLANG_WARN_DIRECT_OBJC_ISA_USAGE = YES_ERROR;
				CLANG_WARN_EMPTY_BODY = YES;
				CLANG_WARN_ENUM_CONVERSION = YES;
				CLANG_WARN_INT_CONVERSION = YES;
				CLANG_WARN_OBJC_ROOT_CLASS = YES_ERROR;
				CLANG_WARN_UNREACHABLE_CODE = YES;
				CLANG_WARN__DUPLICATE_METHOD_MATCH = YES;
				"CODE_SIGN_IDENTITY[sdk=iphoneos*]" = "iPhone Developer";
				COPY_PHASE_STRIP = NO;
				DEBUG_INFORMATION_FORMAT = "dwarf-with-dsym";
				ENABLE_STRICT_OBJC_MSGSEND = YES;
				ENABLE_TESTABILITY = YES;
				GCC_C_LANGUAGE_STANDARD = gnu99;
				GCC_DYNAMIC_NO_PIC = NO;
				GCC_NO_COMMON_BLOCKS = YES;
				GCC_OPTIMIZATION_LEVEL = 0;
				GCC_PREPROCESSOR_DEFINITIONS = (
					"DEBUG=1",
					"$(inherited)",
				);
				GCC_WARN_64_TO_32_BIT_CONVERSION = YES;
				GCC_WARN_ABOUT_RETURN_TYPE = YES_ERROR;
				GCC_WARN_UNDECLARED_SELECTOR = YES;
				GCC_WARN_UNINITIALIZED_AUTOS = YES_AGGRESSIVE;
				GCC_WARN_UNUSED_FUNCTION = YES;
				GCC_WARN_UNUSED_VARIABLE = YES;
				IPHONEOS_DEPLOYMENT_TARGET = 9.3;
				MTL_ENABLE_DEBUG_INFO = YES;
				ONLY_ACTIVE_ARCH = YES;
				SDKROOT = iphoneos;
				SWIFT_OPTIMIZATION_LEVEL = "-Onone";
			};
			name = Debug;
		};
		940AF7C21D8CD50D0020C334 /* Release */ = {
			isa = XCBuildConfiguration;
			buildSettings = {
				ALWAYS_SEARCH_USER_PATHS = NO;
				CLANG_ANALYZER_NONNULL = YES;
				CLANG_CXX_LANGUAGE_STANDARD = "gnu++0x";
				CLANG_CXX_LIBRARY = "libc++";
				CLANG_ENABLE_MODULES = YES;
				CLANG_ENABLE_OBJC_ARC = YES;
				CLANG_WARN_BOOL_CONVERSION = YES;
				CLANG_WARN_CONSTANT_CONVERSION = YES;
				CLANG_WARN_DIRECT_OBJC_ISA_USAGE = YES_ERROR;
				CLANG_WARN_EMPTY_BODY = YES;
				CLANG_WARN_ENUM_CONVERSION = YES;
				CLANG_WARN_INT_CONVERSION = YES;
				CLANG_WARN_OBJC_ROOT_CLASS = YES_ERROR;
				CLANG_WARN_UNREACHABLE_CODE = YES;
				CLANG_WARN__DUPLICATE_METHOD_MATCH = YES;
				"CODE_SIGN_IDENTITY[sdk=iphoneos*]" = "iPhone Developer";
				COPY_PHASE_STRIP = NO;
				DEBUG_INFORMATION_FORMAT = "dwarf-with-dsym";
				ENABLE_NS_ASSERTIONS = NO;
				ENABLE_STRICT_OBJC_MSGSEND = YES;
				GCC_C_LANGUAGE_STANDARD = gnu99;
				GCC_NO_COMMON_BLOCKS = YES;
				GCC_WARN_64_TO_32_BIT_CONVERSION = YES;
				GCC_WARN_ABOUT_RETURN_TYPE = YES_ERROR;
				GCC_WARN_UNDECLARED_SELECTOR = YES;
				GCC_WARN_UNINITIALIZED_AUTOS = YES_AGGRESSIVE;
				GCC_WARN_UNUSED_FUNCTION = YES;
				GCC_WARN_UNUSED_VARIABLE = YES;
				IPHONEOS_DEPLOYMENT_TARGET = 9.3;
				MTL_ENABLE_DEBUG_INFO = NO;
				SDKROOT = iphoneos;
				VALIDATE_PRODUCT = YES;
			};
			name = Release;
		};
		940AF7C41D8CD50D0020C334 /* Debug */ = {
			isa = XCBuildConfiguration;
			buildSettings = {
				ASSETCATALOG_COMPILER_APPICON_NAME = AppIcon;
				INFOPLIST_FILE = CandyCrush/Info.plist;
				LD_RUNPATH_SEARCH_PATHS = "$(inherited) @executable_path/Frameworks";
				PRODUCT_BUNDLE_IDENTIFIER = InternTeam.CandyCrush;
				PRODUCT_NAME = "$(TARGET_NAME)";
			};
			name = Debug;
		};
		940AF7C51D8CD50D0020C334 /* Release */ = {
			isa = XCBuildConfiguration;
			buildSettings = {
				ASSETCATALOG_COMPILER_APPICON_NAME = AppIcon;
				INFOPLIST_FILE = CandyCrush/Info.plist;
				LD_RUNPATH_SEARCH_PATHS = "$(inherited) @executable_path/Frameworks";
				PRODUCT_BUNDLE_IDENTIFIER = InternTeam.CandyCrush;
				PRODUCT_NAME = "$(TARGET_NAME)";
			};
			name = Release;
		};
/* End XCBuildConfiguration section */

/* Begin XCConfigurationList section */
		940AF7A81D8CD50C0020C334 /* Build configuration list for PBXProject "CandyCrush" */ = {
			isa = XCConfigurationList;
			buildConfigurations = (
				940AF7C11D8CD50D0020C334 /* Debug */,
				940AF7C21D8CD50D0020C334 /* Release */,
			);
			defaultConfigurationIsVisible = 0;
			defaultConfigurationName = Release;
		};
		940AF7C31D8CD50D0020C334 /* Build configuration list for PBXNativeTarget "CandyCrush" */ = {
			isa = XCConfigurationList;
			buildConfigurations = (
				940AF7C41D8CD50D0020C334 /* Debug */,
				940AF7C51D8CD50D0020C334 /* Release */,
			);
			defaultConfigurationIsVisible = 0;
		};
/* End XCConfigurationList section */
	};
	rootObject = 940AF7A51D8CD50C0020C334 /* Project object */;
}
